
Microsoft Visual Studio Solution File, Format Version 12.00
# Visual Studio 2012
Project("{8BC9CEB8-8B4A-11D0-8D11-00A0C91BC942}") = "HOSTS", "HOSTS\HOSTS.vcxproj", "{BDC60819-58A8-4BDD-AC27-2A2BFE37E191}"
EndProject
Global
	GlobalSection(SolutionConfigurationPlatforms) = preSolution
		Debug|Win32 = Debug|Win32
		Release|Win32 = Release|Win32
	EndGlobalSection
	GlobalSection(ProjectConfigurationPlatforms) = postSolution
		{BDC60819-58A8-4BDD-AC27-2A2BFE37E191}.Debug|Win32.ActiveCfg = Debug|Win32
		{BDC60819-58A8-4BDD-AC27-2A2BFE37E191}.Debug|Win32.Build.0 = Debug|Win32
		{BDC60819-58A8-4BDD-AC27-2A2BFE37E191}.Release|Win32.ActiveCfg = Release|Win32
		{BDC60819-58A8-4BDD-AC27-2A2BFE37E191}.Release|Win32.Build.0 = Release|Win32
	EndGlobalSection
	GlobalSection(SolutionProperties) = preSolution
		HideSolutionNode = FALSE
	EndGlobalSection
EndGlobal
